{
  "requires": true,
  "lockfileVersion": 1,
  "dependencies": {
    "algebrite": {
      "version": "1.3.1",
      "resolved": "https://registry.npmjs.org/algebrite/-/algebrite-1.3.1.tgz",
      "integrity": "sha512-3ACEb3BS7vHFlKgvFAZLRsrGT0RGwMxHIjakaWaO/ogUkEvZ7ameTuzc3YWfaVaDJHuVDItOXao3n7EmjbpIbw==",
      "requires": {
        "big-integer": "^1.6.32"
      }
    },
    "big-integer": {
      "version": "1.6.48",
      "resolved": "https://registry.npmjs.org/big-integer/-/big-integer-1.6.48.tgz",
      "integrity": "sha512-j51egjPa7/i+RdiRuJbPdJ2FIUYYPhvYLjzoYbcMMm62ooO6F94fETG4MTs46zPAF9Brs04OajboA/qTGuz78w=="
    },
    "commander": {
      "version": "2.20.3",
      "resolved": "https://registry.npmjs.org/commander/-/commander-2.20.3.tgz",
      "integrity": "sha512-GpVkmM8vF2vQUkj2LvZmD35JxeJOLCwJ9cUkugyk2nuhbv3+mJvpLYYt+0+USMxE+oj+ey/lJEnhZw75x/OMcQ=="
    },
    "gsap": {
      "version": "3.1.1",
      "resolved": "https://registry.npmjs.org/gsap/-/gsap-3.1.1.tgz",
      "integrity": "sha512-ISkCKuXMtBbmbchJxWXuZydXnnWVV9SqNqd8vAevvtq0yzyBapMbXLxwambK73S/2kpTIVzYW8eJXlDD7yHhvw=="
    },
    "katex": {
      "version": "0.11.1",
      "resolved": "https://registry.npmjs.org/katex/-/katex-0.11.1.tgz",
      "integrity": "sha512-5oANDICCTX0NqYIyAiFCCwjQ7ERu3DQG2JFHLbYOf+fXaMoH8eg/zOq5WSYJsKMi/QebW+Eh3gSM+oss1H/bww==",
      "requires": {
        "commander": "^2.19.0"
      }
    },
    "svg.js": {
      "version": "2.7.1",
      "resolved": "https://registry.npmjs.org/svg.js/-/svg.js-2.7.1.tgz",
      "integrity": "sha512-ycbxpizEQktk3FYvn/8BH+6/EuWXg7ZpQREJvgacqn46gIddG24tNNe4Son6omdXCnSOaApnpZw6MPCBA1dODA=="
    },
    "svg.panzoom.js": {
      "version": "1.2.3",
      "resolved": "https://registry.npmjs.org/svg.panzoom.js/-/svg.panzoom.js-1.2.3.tgz",
      "integrity": "sha512-Yyuxz9STdHkFc+os1TOPRTXzr9JRf61sJVKRs5IOH1GXjZ5A2ie/L6T3znJjTndTUcWLCrehlOKYkDig7ivMPg==",
      "requires": {
        "svg.js": "^2.6.6"
      }
    }
  }
}
